
Microsoft Visual Studio Solution File, Format Version 12.00
# Visual Studio Version 17
VisualStudioVersion = 17.13.35913.81
MinimumVisualStudioVersion = 10.0.40219.1
Project("{2150E333-8FDC-42A3-9474-1A3956D46DE8}") = "Solution items", "Solution items", "{02EA681E-C7D8-13C7-8484-4AC65E1B71E8}"
	ProjectSection(SolutionItems) = preProject
		docker-compose.yaml = docker-compose.yaml
	EndProjectSection
EndProject
Project("{2150E333-8FDC-42A3-9474-1A3956D46DE8}") = "src", "src", "{1FC7CE7A-57A0-4CB4-BDED-1F88617B3CA0}"
EndProject
Project("{FAE04EC0-301F-11D3-BF4B-00C04F79EFBC}") = "MasstransitRabbitMQ.Producer.API", "src\MasstransitRabbitMQ.Producer.API\MasstransitRabbitMQ.Producer.API.csproj", "{F15A07B4-635B-457E-9DDE-CD111EDFF1F8}"
EndProject
Project("{FAE04EC0-301F-11D3-BF4B-00C04F79EFBC}") = "MasstransitRabbitMQ.Contract", "src\MasstransitRabbitMQ.Contract\MasstransitRabbitMQ.Contract.csproj", "{1F239B2C-199F-49FE-B1B3-0F6925C8BBE7}"
EndProject
Project("{FAE04EC0-301F-11D3-BF4B-00C04F79EFBC}") = "MasstransitRabbitMQ.Consumer.API", "src\MasstransitRabbitMQ.Consumer.API\MasstransitRabbitMQ.Consumer.API.csproj", "{662C7D99-8ECB-4C2A-804D-AB82D3A4811F}"
EndProject
Global
	GlobalSection(SolutionConfigurationPlatforms) = preSolution
		Debug|Any CPU = Debug|Any CPU
		Debug|x64 = Debug|x64
		Debug|x86 = Debug|x86
		Release|Any CPU = Release|Any CPU
		Release|x64 = Release|x64
		Release|x86 = Release|x86
	EndGlobalSection
	GlobalSection(ProjectConfigurationPlatforms) = postSolution
		{F15A07B4-635B-457E-9DDE-CD111EDFF1F8}.Debug|Any CPU.ActiveCfg = Debug|Any CPU
		{F15A07B4-635B-457E-9DDE-CD111EDFF1F8}.Debug|Any CPU.Build.0 = Debug|Any CPU
		{F15A07B4-635B-457E-9DDE-CD111EDFF1F8}.Debug|x64.ActiveCfg = Debug|Any CPU
		{F15A07B4-635B-457E-9DDE-CD111EDFF1F8}.Debug|x64.Build.0 = Debug|Any CPU
		{F15A07B4-635B-457E-9DDE-CD111EDFF1F8}.Debug|x86.ActiveCfg = Debug|Any CPU
		{F15A07B4-635B-457E-9DDE-CD111EDFF1F8}.Debug|x86.Build.0 = Debug|Any CPU
		{F15A07B4-635B-457E-9DDE-CD111EDFF1F8}.Release|Any CPU.ActiveCfg = Release|Any CPU
		{F15A07B4-635B-457E-9DDE-CD111EDFF1F8}.Release|Any CPU.Build.0 = Release|Any CPU
		{F15A07B4-635B-457E-9DDE-CD111EDFF1F8}.Release|x64.ActiveCfg = Release|Any CPU
		{F15A07B4-635B-457E-9DDE-CD111EDFF1F8}.Release|x64.Build.0 = Release|Any CPU
		{F15A07B4-635B-457E-9DDE-CD111EDFF1F8}.Release|x86.ActiveCfg = Release|Any CPU
		{F15A07B4-635B-457E-9DDE-CD111EDFF1F8}.Release|x86.Build.0 = Release|Any CPU
		{1F239B2C-199F-49FE-B1B3-0F6925C8BBE7}.Debug|Any CPU.ActiveCfg = Debug|Any CPU
		{1F239B2C-199F-49FE-B1B3-0F6925C8BBE7}.Debug|Any CPU.Build.0 = Debug|Any CPU
		{1F239B2C-199F-49FE-B1B3-0F6925C8BBE7}.Debug|x64.ActiveCfg = Debug|Any CPU
		{1F239B2C-199F-49FE-B1B3-0F6925C8BBE7}.Debug|x64.Build.0 = Debug|Any CPU
		{1F239B2C-199F-49FE-B1B3-0F6925C8BBE7}.Debug|x86.ActiveCfg = Debug|Any CPU
		{1F239B2C-199F-49FE-B1B3-0F6925C8BBE7}.Debug|x86.Build.0 = Debug|Any CPU
		{1F239B2C-199F-49FE-B1B3-0F6925C8BBE7}.Release|Any CPU.ActiveCfg = Release|Any CPU
		{1F239B2C-199F-49FE-B1B3-0F6925C8BBE7}.Release|Any CPU.Build.0 = Release|Any CPU
		{1F239B2C-199F-49FE-B1B3-0F6925C8BBE7}.Release|x64.ActiveCfg = Release|Any CPU
		{1F239B2C-199F-49FE-B1B3-0F6925C8BBE7}.Release|x64.Build.0 = Release|Any CPU
		{1F239B2C-199F-49FE-B1B3-0F6925C8BBE7}.Release|x86.ActiveCfg = Release|Any CPU
		{1F239B2C-199F-49FE-B1B3-0F6925C8BBE7}.Release|x86.Build.0 = Release|Any CPU
		{662C7D99-8ECB-4C2A-804D-AB82D3A4811F}.Debug|Any CPU.ActiveCfg = Debug|Any CPU
		{662C7D99-8ECB-4C2A-804D-AB82D3A4811F}.Debug|Any CPU.Build.0 = Debug|Any CPU
		{662C7D99-8ECB-4C2A-804D-AB82D3A4811F}.Debug|x64.ActiveCfg = Debug|Any CPU
		{662C7D99-8ECB-4C2A-804D-AB82D3A4811F}.Debug|x64.Build.0 = Debug|Any CPU
		{662C7D99-8ECB-4C2A-804D-AB82D3A4811F}.Debug|x86.ActiveCfg = Debug|Any CPU
		{662C7D99-8ECB-4C2A-804D-AB82D3A4811F}.Debug|x86.Build.0 = Debug|Any CPU
		{662C7D99-8ECB-4C2A-804D-AB82D3A4811F}.Release|Any CPU.ActiveCfg = Release|Any CPU
		{662C7D99-8ECB-4C2A-804D-AB82D3A4811F}.Release|Any CPU.Build.0 = Release|Any CPU
		{662C7D99-8ECB-4C2A-804D-AB82D3A4811F}.Release|x64.ActiveCfg = Release|Any CPU
		{662C7D99-8ECB-4C2A-804D-AB82D3A4811F}.Release|x64.Build.0 = Release|Any CPU
		{662C7D99-8ECB-4C2A-804D-AB82D3A4811F}.Release|x86.ActiveCfg = Release|Any CPU
		{662C7D99-8ECB-4C2A-804D-AB82D3A4811F}.Release|x86.Build.0 = Release|Any CPU
	EndGlobalSection
	GlobalSection(SolutionProperties) = preSolution
		HideSolutionNode = FALSE
	EndGlobalSection
	GlobalSection(NestedProjects) = preSolution
		{F15A07B4-635B-457E-9DDE-CD111EDFF1F8} = {1FC7CE7A-57A0-4CB4-BDED-1F88617B3CA0}
		{1F239B2C-199F-49FE-B1B3-0F6925C8BBE7} = {1FC7CE7A-57A0-4CB4-BDED-1F88617B3CA0}
		{662C7D99-8ECB-4C2A-804D-AB82D3A4811F} = {1FC7CE7A-57A0-4CB4-BDED-1F88617B3CA0}
	EndGlobalSection
	GlobalSection(ExtensibilityGlobals) = postSolution
		SolutionGuid = {B87D44CD-C9AC-41C1-AC31-B5F52B81B30F}
	EndGlobalSection
EndGlobal
